PODS:
  - LGSideMenuController (2.1.1)

DEPENDENCIES:
  - LGSideMenuController

SPEC REPOS:
  https://github.com/cocoapods/specs.git:
    - LGSideMenuController

SPEC CHECKSUMS:
  LGSideMenuController: ae40c80983ab8b8801c7cef0a6804d43aaa72d45

PODFILE CHECKSUM: b0df49205299969c451fe90c6ca1abc8d191334f

COCOAPODS: 1.6.1
